
Microsoft Visual Studio Solution File, Format Version 12.00
# Visual Studio 15
VisualStudioVersion = 15.0.26124.0
MinimumVisualStudioVersion = 15.0.26124.0
Project("{2150E333-8FDC-42A3-9474-1A3956D46DE8}") = "src", "src", "{6706C3B7-6881-45D7-B8BA-90836737E03B}"
EndProject
Project("{2150E333-8FDC-42A3-9474-1A3956D46DE8}") = "test", "test", "{ECB66D99-A204-4278-88AF-6683A320FB2F}"
EndProject
Project("{9A19103F-16F7-4668-BE54-9A1E7A4F7556}") = "AppHosting", "src\AppHosting\AppHosting.csproj", "{25A83C44-F3C9-44D7-865C-23F0E6E40865}"
EndProject
Project("{FAE04EC0-301F-11D3-BF4B-00C04F79EFBC}") = "AppHosting.Tests", "test\AppHosting.Tests\AppHosting.Tests.csproj", "{84CD9C3A-D75F-4EE1-B6DA-4176C5B0310F}"
EndProject
Global
	GlobalSection(SolutionConfigurationPlatforms) = preSolution
		Debug|Any CPU = Debug|Any CPU
		Debug|x64 = Debug|x64
		Debug|x86 = Debug|x86
		Release|Any CPU = Release|Any CPU
		Release|x64 = Release|x64
		Release|x86 = Release|x86
	EndGlobalSection
	GlobalSection(ProjectConfigurationPlatforms) = postSolution
		{25A83C44-F3C9-44D7-865C-23F0E6E40865}.Debug|Any CPU.ActiveCfg = Debug|Any CPU
		{25A83C44-F3C9-44D7-865C-23F0E6E40865}.Debug|Any CPU.Build.0 = Debug|Any CPU
		{25A83C44-F3C9-44D7-865C-23F0E6E40865}.Debug|x64.ActiveCfg = Debug|Any CPU
		{25A83C44-F3C9-44D7-865C-23F0E6E40865}.Debug|x64.Build.0 = Debug|Any CPU
		{25A83C44-F3C9-44D7-865C-23F0E6E40865}.Debug|x86.ActiveCfg = Debug|Any CPU
		{25A83C44-F3C9-44D7-865C-23F0E6E40865}.Debug|x86.Build.0 = Debug|Any CPU
		{25A83C44-F3C9-44D7-865C-23F0E6E40865}.Release|Any CPU.ActiveCfg = Release|Any CPU
		{25A83C44-F3C9-44D7-865C-23F0E6E40865}.Release|Any CPU.Build.0 = Release|Any CPU
		{25A83C44-F3C9-44D7-865C-23F0E6E40865}.Release|x64.ActiveCfg = Release|Any CPU
		{25A83C44-F3C9-44D7-865C-23F0E6E40865}.Release|x64.Build.0 = Release|Any CPU
		{25A83C44-F3C9-44D7-865C-23F0E6E40865}.Release|x86.ActiveCfg = Release|Any CPU
		{25A83C44-F3C9-44D7-865C-23F0E6E40865}.Release|x86.Build.0 = Release|Any CPU
		{84CD9C3A-D75F-4EE1-B6DA-4176C5B0310F}.Debug|Any CPU.ActiveCfg = Debug|Any CPU
		{84CD9C3A-D75F-4EE1-B6DA-4176C5B0310F}.Debug|Any CPU.Build.0 = Debug|Any CPU
		{84CD9C3A-D75F-4EE1-B6DA-4176C5B0310F}.Debug|x64.ActiveCfg = Debug|Any CPU
		{84CD9C3A-D75F-4EE1-B6DA-4176C5B0310F}.Debug|x64.Build.0 = Debug|Any CPU
		{84CD9C3A-D75F-4EE1-B6DA-4176C5B0310F}.Debug|x86.ActiveCfg = Debug|Any CPU
		{84CD9C3A-D75F-4EE1-B6DA-4176C5B0310F}.Debug|x86.Build.0 = Debug|Any CPU
		{84CD9C3A-D75F-4EE1-B6DA-4176C5B0310F}.Release|Any CPU.ActiveCfg = Release|Any CPU
		{84CD9C3A-D75F-4EE1-B6DA-4176C5B0310F}.Release|Any CPU.Build.0 = Release|Any CPU
		{84CD9C3A-D75F-4EE1-B6DA-4176C5B0310F}.Release|x64.ActiveCfg = Release|Any CPU
		{84CD9C3A-D75F-4EE1-B6DA-4176C5B0310F}.Release|x64.Build.0 = Release|Any CPU
		{84CD9C3A-D75F-4EE1-B6DA-4176C5B0310F}.Release|x86.ActiveCfg = Release|Any CPU
		{84CD9C3A-D75F-4EE1-B6DA-4176C5B0310F}.Release|x86.Build.0 = Release|Any CPU
	EndGlobalSection
	GlobalSection(SolutionProperties) = preSolution
		HideSolutionNode = FALSE
	EndGlobalSection
	GlobalSection(NestedProjects) = preSolution
		{25A83C44-F3C9-44D7-865C-23F0E6E40865} = {6706C3B7-6881-45D7-B8BA-90836737E03B}
		{84CD9C3A-D75F-4EE1-B6DA-4176C5B0310F} = {ECB66D99-A204-4278-88AF-6683A320FB2F}
	EndGlobalSection
	GlobalSection(ExtensibilityGlobals) = postSolution
		SolutionGuid = {B992D95C-D521-4809-8DA0-DB81205E79CA}
	EndGlobalSection
EndGlobal
